<Solution>
  <Project Path="API/Pricing.RuleCenter.Api.csproj" />
  <Project Path="Application/Pricing.RuleCenter.Application.csproj" />
  <Project Path="Domain/Pricing.RuleCenter.Core.csproj" />
  <Project Path="Infrastructure/Pricing.RuleCenter.Infrastructure.csproj" />
  <Project Path="../tests/Pricing.RuleCenter.Core.Tests/Pricing.RuleCenter.Core.Tests.csproj" />
  <Project Path="../tests/Pricing.RuleCenter.Tests/Pricing.RuleCenter.Tests.csproj" />
</Solution>
